
Microsoft Visual Studio Solution File, Format Version 12.00
# Visual Studio Version 17
VisualStudioVersion = 17.13.35818.85 d17.13
MinimumVisualStudioVersion = 10.0.40219.1
Project("{FAE04EC0-301F-11D3-BF4B-00C04F79EFBC}") = "test_project", "test_project.csproj", "{20078468-FFD1-4C2D-9709-014457798EF7}"
EndProject
Global
	GlobalSection(SolutionConfigurationPlatforms) = preSolution
		Debug|Any CPU = Debug|Any CPU
		Release|Any CPU = Release|Any CPU
	EndGlobalSection
	GlobalSection(ProjectConfigurationPlatforms) = postSolution
		{20078468-FFD1-4C2D-9709-014457798EF7}.Debug|Any CPU.ActiveCfg = Debug|Any CPU
		{20078468-FFD1-4C2D-9709-014457798EF7}.Debug|Any CPU.Build.0 = Debug|Any CPU
		{20078468-FFD1-4C2D-9709-014457798EF7}.Release|Any CPU.ActiveCfg = Release|Any CPU
		{20078468-FFD1-4C2D-9709-014457798EF7}.Release|Any CPU.Build.0 = Release|Any CPU
	EndGlobalSection
	GlobalSection(SolutionProperties) = preSolution
		HideSolutionNode = FALSE
	EndGlobalSection
	GlobalSection(ExtensibilityGlobals) = postSolution
		SolutionGuid = {FB310993-A6AD-40EA-B423-2E069C1B69C6}
	EndGlobalSection
EndGlobal
